
Microsoft Visual Studio Solution File, Format Version 12.00
# Visual Studio Version 17
VisualStudioVersion = 17.4.33213.308
MinimumVisualStudioVersion = 10.0.40219.1
Project("{FAE04EC0-301F-11D3-BF4B-00C04F79EFBC}") = "Buildschoolex", "Buildschoolex\Buildschoolex.csproj", "{8E05EBDB-14E6-44F1-BC22-6BF536CF6F91}"
EndProject
Project("{FAE04EC0-301F-11D3-BF4B-00C04F79EFBC}") = "2", "2\2.csproj", "{1691BBC2-7CE7-4D05-B901-1A26496BD9C8}"
EndProject
Project("{FAE04EC0-301F-11D3-BF4B-00C04F79EFBC}") = "WindowsFormsApp1", "WindowsFormsApp1\WindowsFormsApp1.csproj", "{1CEAE864-4EF0-448D-BD09-FEE232421369}"
EndProject
Project("{FAE04EC0-301F-11D3-BF4B-00C04F79EFBC}") = "test", "test\test.csproj", "{C47155B6-794D-4A19-9F74-824A40013123}"
EndProject
Global
	GlobalSection(SolutionConfigurationPlatforms) = preSolution
		Debug|Any CPU = Debug|Any CPU
		Release|Any CPU = Release|Any CPU
	EndGlobalSection
	GlobalSection(ProjectConfigurationPlatforms) = postSolution
		{8E05EBDB-14E6-44F1-BC22-6BF536CF6F91}.Debug|Any CPU.ActiveCfg = Debug|Any CPU
		{8E05EBDB-14E6-44F1-BC22-6BF536CF6F91}.Debug|Any CPU.Build.0 = Debug|Any CPU
		{8E05EBDB-14E6-44F1-BC22-6BF536CF6F91}.Release|Any CPU.ActiveCfg = Release|Any CPU
		{8E05EBDB-14E6-44F1-BC22-6BF536CF6F91}.Release|Any CPU.Build.0 = Release|Any CPU
		{1691BBC2-7CE7-4D05-B901-1A26496BD9C8}.Debug|Any CPU.ActiveCfg = Debug|Any CPU
		{1691BBC2-7CE7-4D05-B901-1A26496BD9C8}.Debug|Any CPU.Build.0 = Debug|Any CPU
		{1691BBC2-7CE7-4D05-B901-1A26496BD9C8}.Release|Any CPU.ActiveCfg = Release|Any CPU
		{1691BBC2-7CE7-4D05-B901-1A26496BD9C8}.Release|Any CPU.Build.0 = Release|Any CPU
		{1CEAE864-4EF0-448D-BD09-FEE232421369}.Debug|Any CPU.ActiveCfg = Debug|Any CPU
		{1CEAE864-4EF0-448D-BD09-FEE232421369}.Debug|Any CPU.Build.0 = Debug|Any CPU
		{1CEAE864-4EF0-448D-BD09-FEE232421369}.Release|Any CPU.ActiveCfg = Release|Any CPU
		{1CEAE864-4EF0-448D-BD09-FEE232421369}.Release|Any CPU.Build.0 = Release|Any CPU
		{C47155B6-794D-4A19-9F74-824A40013123}.Debug|Any CPU.ActiveCfg = Debug|Any CPU
		{C47155B6-794D-4A19-9F74-824A40013123}.Debug|Any CPU.Build.0 = Debug|Any CPU
		{C47155B6-794D-4A19-9F74-824A40013123}.Release|Any CPU.ActiveCfg = Release|Any CPU
		{C47155B6-794D-4A19-9F74-824A40013123}.Release|Any CPU.Build.0 = Release|Any CPU
	EndGlobalSection
	GlobalSection(SolutionProperties) = preSolution
		HideSolutionNode = FALSE
	EndGlobalSection
	GlobalSection(ExtensibilityGlobals) = postSolution
		SolutionGuid = {55E8D65B-A478-432C-B0D5-4EF616D5A606}
	EndGlobalSection
EndGlobal
